
Microsoft Visual Studio Solution File, Format Version 12.00
# Visual Studio 15
VisualStudioVersion = 15.0.28307.852
MinimumVisualStudioVersion = 10.0.40219.1
Project("{8BC9CEB8-8B4A-11D0-8D11-00A0C91BC942}") = "ProyectoSIG", "ProyectoSIG\ProyectoSIG.vcxproj", "{A1AB4664-22B5-49A7-B3FA-49DC4C37A82E}"
EndProject
Global
	GlobalSection(SolutionConfigurationPlatforms) = preSolution
		Debug|x64 = Debug|x64
		Debug|x86 = Debug|x86
		Release|x64 = Release|x64
		Release|x86 = Release|x86
	EndGlobalSection
	GlobalSection(ProjectConfigurationPlatforms) = postSolution
		{A1AB4664-22B5-49A7-B3FA-49DC4C37A82E}.Debug|x64.ActiveCfg = Debug|x64
		{A1AB4664-22B5-49A7-B3FA-49DC4C37A82E}.Debug|x64.Build.0 = Debug|x64
		{A1AB4664-22B5-49A7-B3FA-49DC4C37A82E}.Debug|x86.ActiveCfg = Debug|Win32
		{A1AB4664-22B5-49A7-B3FA-49DC4C37A82E}.Debug|x86.Build.0 = Debug|Win32
		{A1AB4664-22B5-49A7-B3FA-49DC4C37A82E}.Release|x64.ActiveCfg = Release|x64
		{A1AB4664-22B5-49A7-B3FA-49DC4C37A82E}.Release|x64.Build.0 = Release|x64
		{A1AB4664-22B5-49A7-B3FA-49DC4C37A82E}.Release|x86.ActiveCfg = Release|Win32
		{A1AB4664-22B5-49A7-B3FA-49DC4C37A82E}.Release|x86.Build.0 = Release|Win32
	EndGlobalSection
	GlobalSection(SolutionProperties) = preSolution
		HideSolutionNode = FALSE
	EndGlobalSection
	GlobalSection(ExtensibilityGlobals) = postSolution
		SolutionGuid = {BA8A31AD-0502-4936-AC61-5A32BC0599B4}
	EndGlobalSection
EndGlobal
